{
  "projects": [
    {
      "projectId": "seaQhLVS4bbjiGvJJrRwyL",
      "version": "15.0.3",
      "dependencies": {},
      "lang": "js",
      "fileLocks": [
        {
          "assetId": "seaQhLVS4bbjiGvJJrRwyL",
          "type": "projectCss",
          "checksum": "85f7ca190f576c5a2499623973afb625"
        }
      ]
    },
    {
      "projectId": "8EX2syfhb19EPFAeuAzYoB",
      "version": "latest",
      "dependencies": {
        "seaQhLVS4bbjiGvJJrRwyL": "15.0.3"
      },
      "lang": "js",
      "fileLocks": [
        {
          "type": "globalVariant",
          "assetId": "hyBuPfmFqtFxIM",
          "checksum": "e69d07d273b270a949206d01ab31806b"
        },
        {
          "assetId": "8EX2syfhb19EPFAeuAzYoB",
          "type": "projectCss",
          "checksum": "22a4b4452efdc9dc0c21c5b44ee7a386"
        },
        {
          "type": "renderModule",
          "assetId": "4Qxhj-DSeUX64",
          "checksum": "93aa962241c312ac1da2d6974931bd22"
        },
        {
          "type": "cssRules",
          "assetId": "4Qxhj-DSeUX64",
          "checksum": "93aa962241c312ac1da2d6974931bd22"
        },
        {
          "type": "renderModule",
          "assetId": "Mz_be9TGTzdoe",
          "checksum": "68b40135c8acde45bda39b917ce4d75b"
        },
        {
          "type": "cssRules",
          "assetId": "Mz_be9TGTzdoe",
          "checksum": "68b40135c8acde45bda39b917ce4d75b"
        },
        {
          "type": "renderModule",
          "assetId": "2jMq6OQbnu_x2",
          "checksum": "2c28f1e60372ff8e534eb5c2387de63f"
        },
        {
          "type": "cssRules",
          "assetId": "2jMq6OQbnu_x2",
          "checksum": "2c28f1e60372ff8e534eb5c2387de63f"
        },
        {
          "type": "renderModule",
          "assetId": "wCmlgszJLunYg",
          "checksum": "a298b095859133d3f8c45466653d2956"
        },
        {
          "type": "cssRules",
          "assetId": "wCmlgszJLunYg",
          "checksum": "a298b095859133d3f8c45466653d2956"
        },
        {
          "type": "renderModule",
          "assetId": "A6O5syrYgpexu",
          "checksum": "992ef9de6770f11428bf2682949d089c"
        },
        {
          "type": "cssRules",
          "assetId": "A6O5syrYgpexu",
          "checksum": "992ef9de6770f11428bf2682949d089c"
        },
        {
          "type": "renderModule",
          "assetId": "VE2HJ_qMhMvJN",
          "checksum": "817d5a4223ccedb9d270eb668097cc94"
        },
        {
          "type": "cssRules",
          "assetId": "VE2HJ_qMhMvJN",
          "checksum": "817d5a4223ccedb9d270eb668097cc94"
        },
        {
          "type": "renderModule",
          "assetId": "mE-ZwwOgOQy9W",
          "checksum": "81209c1b3ac529cb653eb3baae7de69f"
        },
        {
          "type": "cssRules",
          "assetId": "mE-ZwwOgOQy9W",
          "checksum": "81209c1b3ac529cb653eb3baae7de69f"
        },
        {
          "type": "renderModule",
          "assetId": "ql7Q7NEtn7k1A",
          "checksum": "a05f5c8198926114497a984418e7fa8c"
        },
        {
          "type": "cssRules",
          "assetId": "ql7Q7NEtn7k1A",
          "checksum": "a05f5c8198926114497a984418e7fa8c"
        },
        {
          "type": "renderModule",
          "assetId": "DZsmJfCyFVvNX-",
          "checksum": "d505a8fbda5d4d37c47d4551b5d8e293"
        },
        {
          "type": "cssRules",
          "assetId": "DZsmJfCyFVvNX-",
          "checksum": "d505a8fbda5d4d37c47d4551b5d8e293"
        },
        {
          "type": "renderModule",
          "assetId": "xYu53sFHevGa_7",
          "checksum": "1c07c38792ea4cd1cce369640cdfa961"
        },
        {
          "type": "cssRules",
          "assetId": "xYu53sFHevGa_7",
          "checksum": "1c07c38792ea4cd1cce369640cdfa961"
        },
        {
          "type": "renderModule",
          "assetId": "lEFPLBZJKlDOyD",
          "checksum": "ba79ed81254c052f7a5db10cfe6b7b24"
        },
        {
          "type": "cssRules",
          "assetId": "lEFPLBZJKlDOyD",
          "checksum": "ba79ed81254c052f7a5db10cfe6b7b24"
        },
        {
          "type": "renderModule",
          "assetId": "PxpmwiJN_hpvWV",
          "checksum": "dd4a77aa6850ece1788ef87cab51585e"
        },
        {
          "type": "cssRules",
          "assetId": "PxpmwiJN_hpvWV",
          "checksum": "dd4a77aa6850ece1788ef87cab51585e"
        },
        {
          "type": "renderModule",
          "assetId": "lLfxYG33Fqfk9Q",
          "checksum": "0858e4f7cf5bfd92cf26a8f30fb8c1cb"
        },
        {
          "type": "cssRules",
          "assetId": "lLfxYG33Fqfk9Q",
          "checksum": "0858e4f7cf5bfd92cf26a8f30fb8c1cb"
        },
        {
          "type": "renderModule",
          "assetId": "dJc-b9L1sP2WGy",
          "checksum": "2264563e0a169ee2ee3f6aad1e9b3270"
        },
        {
          "type": "cssRules",
          "assetId": "dJc-b9L1sP2WGy",
          "checksum": "2264563e0a169ee2ee3f6aad1e9b3270"
        },
        {
          "type": "renderModule",
          "assetId": "Yb346u2Ix8Y5jU",
          "checksum": "ab5a66a352646385ba1b9ca9de5a5103"
        },
        {
          "type": "cssRules",
          "assetId": "Yb346u2Ix8Y5jU",
          "checksum": "ab5a66a352646385ba1b9ca9de5a5103"
        },
        {
          "type": "renderModule",
          "assetId": "YFpHwYd6z-m77Q",
          "checksum": "b1340ce0ecf7db7d846c674eafa47e3b"
        },
        {
          "type": "cssRules",
          "assetId": "YFpHwYd6z-m77Q",
          "checksum": "b1340ce0ecf7db7d846c674eafa47e3b"
        },
        {
          "type": "renderModule",
          "assetId": "9YMc1DcLLnShjC",
          "checksum": "4e39380d20a619eff6dfff59b4c94404"
        },
        {
          "type": "cssRules",
          "assetId": "9YMc1DcLLnShjC",
          "checksum": "4e39380d20a619eff6dfff59b4c94404"
        },
        {
          "type": "icon",
          "assetId": "Xoy8hwrs_mlfZB",
          "checksum": "1bea632f961a8be3527b9c16ec54f626"
        },
        {
          "type": "icon",
          "assetId": "0P0q4ym7S0d_9E",
          "checksum": "509400bcabbdb21d29f1bede90051c4c"
        },
        {
          "type": "icon",
          "assetId": "t0CoDSdFI2om-2",
          "checksum": "25cccfcf0dc494ecfc9693da94b55be4"
        },
        {
          "type": "icon",
          "assetId": "O8tbxcR_1BL6_Y",
          "checksum": "a23ece942fde95e968af48c268481584"
        },
        {
          "type": "icon",
          "assetId": "BvIr5sxt0wmv2i",
          "checksum": "ee33e374c7049257abce512ec6354a8c"
        },
        {
          "type": "icon",
          "assetId": "S0UP023eqcigpZ",
          "checksum": "9015523bb53ee01c905e8f06771030fc"
        },
        {
          "type": "icon",
          "assetId": "tjxvzJ1SHyIqCT",
          "checksum": "869b9722cb1668f82c8450e1267b714c"
        },
        {
          "type": "icon",
          "assetId": "EW7KE4y_TYkPHV",
          "checksum": "7e7d9676c4486ddf30af1b99b8f4687f"
        },
        {
          "type": "icon",
          "assetId": "VwV4e1yO1uiyIY",
          "checksum": "656ab521b106607208f42774cca05b5e"
        },
        {
          "type": "icon",
          "assetId": "3kFWKK4DHYVp_z",
          "checksum": "7c723404bdbe811242c022020fd57e99"
        },
        {
          "type": "icon",
          "assetId": "l-H0n1olVNU_KF",
          "checksum": "5c0de2607f2faa697f2d5e8968868eed"
        },
        {
          "type": "icon",
          "assetId": "qjFrtO3VrkyTx9",
          "checksum": "fe98e71b0953dac3d5a7d5e4f210d807"
        },
        {
          "type": "icon",
          "assetId": "Y9R9ybBbFLhVlJ",
          "checksum": "25556eaea3c5beb429563528463765f7"
        },
        {
          "type": "icon",
          "assetId": "t8CqbhMs77r7B3",
          "checksum": "65e72c60f492cd8fdd33cb486d6acb1a"
        },
        {
          "type": "icon",
          "assetId": "jio6mRAgJUhJAc",
          "checksum": "f4e2e88d07408b94efef666177fdaa05"
        },
        {
          "type": "icon",
          "assetId": "PE6SxeBw9k9Cj5",
          "checksum": "e041ae1d2b1d5f3405d85700457d7dd3"
        },
        {
          "type": "icon",
          "assetId": "Y_EFxerWKfx0W0",
          "checksum": "afa1ab80901312f9823e64afcc69bb70"
        },
        {
          "type": "icon",
          "assetId": "NPdDjW7-fA0WMk",
          "checksum": "0068e6afdeb805e43a37f0a4557b7175"
        },
        {
          "type": "icon",
          "assetId": "bM32FZHlm_25Vz",
          "checksum": "0a5bf009a66fba23d833651f45ba4d5b"
        },
        {
          "type": "icon",
          "assetId": "7XYT7C062O81zy",
          "checksum": "6208018ef8d92ce0f4ebf2b58837942b"
        },
        {
          "type": "image",
          "assetId": "VqNMb2-kt1o8FR",
          "checksum": "0522065a422fd057d1de8e4a02b415d5"
        },
        {
          "type": "image",
          "assetId": "1EbKyha5DVN_c2",
          "checksum": "da21a6b9b1cb2aec67d90e71d05e22d4"
        },
        {
          "type": "image",
          "assetId": "5MsVXbHeAr6b9H",
          "checksum": "1b22a4563bdd8d605f746303229f6dc0"
        },
        {
          "type": "image",
          "assetId": "forT7KTHh79zMF",
          "checksum": "2d22737738c98edde12e1515c5daa180"
        }
      ]
    }
  ],
  "cliVersion": "0.1.154"
}
